
Microsoft Visual Studio Solution File, Format Version 12.00
# Visual Studio Version 17
VisualStudioVersion = 17.13.35931.197 d17.13
MinimumVisualStudioVersion = 10.0.40219.1
Project("{FAE04EC0-301F-11D3-BF4B-00C04F79EFBC}") = "UmbracoCMS", "UmbracoCMS\UmbracoCMS.csproj", "{DD09C154-5130-46A3-9F9C-C276B25C627E}"
EndProject
Global
	GlobalSection(SolutionConfigurationPlatforms) = preSolution
		Debug|Any CPU = Debug|Any CPU
		Release|Any CPU = Release|Any CPU
	EndGlobalSection
	GlobalSection(ProjectConfigurationPlatforms) = postSolution
		{DD09C154-5130-46A3-9F9C-C276B25C627E}.Debug|Any CPU.ActiveCfg = Debug|Any CPU
		{DD09C154-5130-46A3-9F9C-C276B25C627E}.Debug|Any CPU.Build.0 = Debug|Any CPU
		{DD09C154-5130-46A3-9F9C-C276B25C627E}.Release|Any CPU.ActiveCfg = Release|Any CPU
		{DD09C154-5130-46A3-9F9C-C276B25C627E}.Release|Any CPU.Build.0 = Release|Any CPU
	EndGlobalSection
	GlobalSection(SolutionProperties) = preSolution
		HideSolutionNode = FALSE
	EndGlobalSection
	GlobalSection(ExtensibilityGlobals) = postSolution
		SolutionGuid = {1E2D3BB5-6BE7-4963-9427-1B49D025C642}
	EndGlobalSection
EndGlobal
